---
- name: nodejs yum versionlock list
  command: yum versionlock list
  register: nodejs_yum_versionlock

- name: nodejs package yum versionlock
  command: "yum versionlock {{ nodejs_package }}"
  when:
    - nodejs_package_state == 'present'
    - nodejs_yum_versionlock.stdout.find(nodejs_package) == -1

- name: nodejs development package yum versionlock
  command: "yum versionlock {{ nodejs_devel_package }}"
  when:
    - nodejs_package_state == 'present'
    - nodejs_yum_versionlock.stdout.find(nodejs_devel_package) == -1
